
Microsoft Visual Studio Solution File, Format Version 12.00
# Visual Studio Version 16
VisualStudioVersion = 16.0.31402.337
MinimumVisualStudioVersion = 10.0.40219.1
Project("{FAE04EC0-301F-11D3-BF4B-00C04F79EFBC}") = "sth1edwv", "sth1edwv.csproj", "{3EAD2353-5D44-458F-BA4B-346A2A6427E6}"
EndProject
Global
	GlobalSection(SolutionConfigurationPlatforms) = preSolution
		Debug|Any CPU = Debug|Any CPU
		Release|Any CPU = Release|Any CPU
	EndGlobalSection
	GlobalSection(ProjectConfigurationPlatforms) = postSolution
		{3EAD2353-5D44-458F-BA4B-346A2A6427E6}.Debug|Any CPU.ActiveCfg = Debug|Any CPU
		{3EAD2353-5D44-458F-BA4B-346A2A6427E6}.Debug|Any CPU.Build.0 = Debug|Any CPU
		{3EAD2353-5D44-458F-BA4B-346A2A6427E6}.Release|Any CPU.ActiveCfg = Release|Any CPU
		{3EAD2353-5D44-458F-BA4B-346A2A6427E6}.Release|Any CPU.Build.0 = Release|Any CPU
	EndGlobalSection
	GlobalSection(SolutionProperties) = preSolution
		HideSolutionNode = FALSE
	EndGlobalSection
	GlobalSection(ExtensibilityGlobals) = postSolution
		SolutionGuid = {3FB818E2-CB19-4CF5-87AE-DE3C0FE5D8A8}
	EndGlobalSection
EndGlobal
